
Microsoft Visual Studio Solution File, Format Version 12.00
# Visual Studio Version 17
VisualStudioVersion = 17.11.35219.272
MinimumVisualStudioVersion = 10.0.40219.1
Project("{FAE04EC0-301F-11D3-BF4B-00C04F79EFBC}") = "ASCII_IMG", "ASCII_IMG\ASCII_IMG.csproj", "{0A0A039F-5CAF-411F-BF55-3D5EA4D27CC6}"
EndProject
Global
	GlobalSection(SolutionConfigurationPlatforms) = preSolution
		Debug|Any CPU = Debug|Any CPU
		Release|Any CPU = Release|Any CPU
	EndGlobalSection
	GlobalSection(ProjectConfigurationPlatforms) = postSolution
		{0A0A039F-5CAF-411F-BF55-3D5EA4D27CC6}.Debug|Any CPU.ActiveCfg = Debug|Any CPU
		{0A0A039F-5CAF-411F-BF55-3D5EA4D27CC6}.Debug|Any CPU.Build.0 = Debug|Any CPU
		{0A0A039F-5CAF-411F-BF55-3D5EA4D27CC6}.Release|Any CPU.ActiveCfg = Release|Any CPU
		{0A0A039F-5CAF-411F-BF55-3D5EA4D27CC6}.Release|Any CPU.Build.0 = Release|Any CPU
	EndGlobalSection
	GlobalSection(SolutionProperties) = preSolution
		HideSolutionNode = FALSE
	EndGlobalSection
	GlobalSection(ExtensibilityGlobals) = postSolution
		SolutionGuid = {0F791881-2097-4C8A-AB93-A62F06536247}
	EndGlobalSection
EndGlobal
